
Microsoft Visual Studio Solution File, Format Version 12.00
# Visual Studio Version 16
VisualStudioVersion = 16.0.30330.147
MinimumVisualStudioVersion = 10.0.40219.1
Project("{FAE04EC0-301F-11D3-BF4B-00C04F79EFBC}") = "PaymentSystem", "PaymentSystem\PaymentSystem.csproj", "{4D60C901-A639-4A11-AC07-97B46516351D}"
EndProject
Project("{FAE04EC0-301F-11D3-BF4B-00C04F79EFBC}") = "GalensSDK", "..\GalensSDK\GalensSDK\GalensSDK.csproj", "{7EC505CF-DD63-41B9-8C16-B15B8E8592D0}"
EndProject
Global
	GlobalSection(SolutionConfigurationPlatforms) = preSolution
		Debug|Any CPU = Debug|Any CPU
		Release|Any CPU = Release|Any CPU
	EndGlobalSection
	GlobalSection(ProjectConfigurationPlatforms) = postSolution
		{4D60C901-A639-4A11-AC07-97B46516351D}.Debug|Any CPU.ActiveCfg = Debug|Any CPU
		{4D60C901-A639-4A11-AC07-97B46516351D}.Debug|Any CPU.Build.0 = Debug|Any CPU
		{4D60C901-A639-4A11-AC07-97B46516351D}.Release|Any CPU.ActiveCfg = Release|Any CPU
		{4D60C901-A639-4A11-AC07-97B46516351D}.Release|Any CPU.Build.0 = Release|Any CPU
		{7EC505CF-DD63-41B9-8C16-B15B8E8592D0}.Debug|Any CPU.ActiveCfg = Debug|Any CPU
		{7EC505CF-DD63-41B9-8C16-B15B8E8592D0}.Debug|Any CPU.Build.0 = Debug|Any CPU
		{7EC505CF-DD63-41B9-8C16-B15B8E8592D0}.Release|Any CPU.ActiveCfg = Release|Any CPU
		{7EC505CF-DD63-41B9-8C16-B15B8E8592D0}.Release|Any CPU.Build.0 = Release|Any CPU
	EndGlobalSection
	GlobalSection(SolutionProperties) = preSolution
		HideSolutionNode = FALSE
	EndGlobalSection
	GlobalSection(ExtensibilityGlobals) = postSolution
		SolutionGuid = {D35B561D-87DF-4EEC-BABA-5A7D8966161B}
	EndGlobalSection
EndGlobal
